
Microsoft Visual Studio Solution File, Format Version 12.00
# Visual Studio Version 17
VisualStudioVersion = 17.14.36518.9 d17.14
MinimumVisualStudioVersion = 10.0.40219.1
Project("{888888A0-9F3D-457C-B088-3A5042F75D52}") = "session 7", "session 7.pyproj", "{40BFA757-2880-4371-B280-8A83FDE0EBBD}"
EndProject
Global
	GlobalSection(SolutionConfigurationPlatforms) = preSolution
		Debug|Any CPU = Debug|Any CPU
		Release|Any CPU = Release|Any CPU
	EndGlobalSection
	GlobalSection(ProjectConfigurationPlatforms) = postSolution
		{40BFA757-2880-4371-B280-8A83FDE0EBBD}.Debug|Any CPU.ActiveCfg = Debug|Any CPU
		{40BFA757-2880-4371-B280-8A83FDE0EBBD}.Release|Any CPU.ActiveCfg = Release|Any CPU
	EndGlobalSection
	GlobalSection(SolutionProperties) = preSolution
		HideSolutionNode = FALSE
	EndGlobalSection
	GlobalSection(ExtensibilityGlobals) = postSolution
		SolutionGuid = {D03150C5-EAB7-4D88-B414-B055E1CC7EAC}
	EndGlobalSection
EndGlobal
